// !$*UTF8*$!
{
	archiveVersion = 1;
	classes = {
	};
	objectVersion = 48;
	objects = {

/* Begin PBXBuildFile section */
		FEEB3B3E20F650890018CF91 /* AppDelegate.swift in Sources */ = {isa = PBXBuildFile; fileRef = FEEB3B3D20F650890018CF91 /* AppDelegate.swift */; };
		FEEB3B4020F6508A0018CF91 /* ViewController.swift in Sources */ = {isa = PBXBuildFile; fileRef = FEEB3B3F20F650890018CF91 /* ViewController.swift */; };
		FEEB3B4320F6508A0018CF91 /* Main.storyboard in Resources */ = {isa = PBXBuildFile; fileRef = FEEB3B4120F6508A0018CF91 /* Main.storyboard */; };
		FEEB3B4520F6508B0018CF91 /* Assets.xcassets in Resources */ = {isa = PBXBuildFile; fileRef = FEEB3B4420F6508B0018CF91 /* Assets.xcassets */; };
		FEEB3B4820F6508D0018CF91 /* LaunchScreen.storyboard in Resources */ = {isa = PBXBuildFile; fileRef = FEEB3B4620F6508D0018CF91 /* LaunchScreen.storyboard */; };
		FEEB3B5320F6508F0018CF91 /* NewProjectTests.swift in Sources */ = {isa = PBXBuildFile; fileRef = FEEB3B5220F6508F0018CF91 /* NewProjectTests.swift */; };
		FEEB3B5E20F650910018CF91 /* NewProjectUITests.swift in Sources */ = {isa = PBXBuildFile; fileRef = FEEB3B5D20F650910018CF91 /* NewProjectUITests.swift */; };
/* End PBXBuildFile section */

/* Begin PBXContainerItemProxy section */
		FEEB3B4F20F6508F0018CF91 /* PBXContainerItemProxy */ = {
			isa = PBXContainerItemProxy;
			containerPortal = FEEB3B3220F650870018CF91 /* Project object */;
			proxyType = 1;
			remoteGlobalIDString = FEEB3B3920F650880018CF91;
			remoteInfo = NewProject;
		};
		FEEB3B5A20F650910018CF91 /* PBXContainerItemProxy */ = {
			isa = PBXContainerItemProxy;
			containerPortal = FEEB3B3220F650870018CF91 /* Project object */;
			proxyType = 1;
			remoteGlobalIDString = FEEB3B3920F650880018CF91;
			remoteInfo = NewProject;
		};
/* End PBXContainerItemProxy section */

/* Begin PBXFileReference section */
		FEEB3B3A20F650880018CF91 /* NewProject.app */ = {isa = PBXFileReference; explicitFileType = wrapper.application; includeInIndex = 0; path = NewProject.app; sourceTree = BUILT_PRODUCTS_DIR; };
		FEEB3B3D20F650890018CF91 /* AppDelegate.swift */ = {isa = PBXFileReference; lastKnownFileType = sourcecode.swift; path = AppDelegate.swift; sourceTree = "<group>"; };
		FEEB3B3F20F650890018CF91 /* ViewController.swift */ = {isa = PBXFileReference; lastKnownFileType = sourcecode.swift; path = ViewController.swift; sourceTree = "<group>"; };
		FEEB3B4220F6508A0018CF91 /* Base */ = {isa = PBXFileReference; lastKnownFileType = file.storyboard; name = Base; path = Base.lproj/Main.storyboard; sourceTree = "<group>"; };
		FEEB3B4420F6508B0018CF91 /* Assets.xcassets */ = {isa = PBXFileReference; lastKnownFileType = folder.assetcatalog; path = Assets.xcassets; sourceTree = "<group>"; };
		FEEB3B4720F6508D0018CF91 /* Base */ = {isa = PBXFileReference; lastKnownFileType = file.storyboard; name = Base; path = Base.lproj/LaunchScreen.storyboard; sourceTree = "<group>"; };
		FEEB3B4920F6508E0018CF91 /* Info.plist */ = {isa = PBXFileReference; lastKnownFileType = text.plist.xml; path = Info.plist; sourceTree = "<group>"; };
		FEEB3B4E20F6508F0018CF91 /* NewProjectTests.xctest */ = {isa = PBXFileReference; explicitFileType = wrapper.cfbundle; includeInIndex = 0; path = NewProjectTests.xctest; sourceTree = BUILT_PRODUCTS_DIR; };
		FEEB3B5220F6508F0018CF91 /* NewProjectTests.swift */ = {isa = PBXFileReference; lastKnownFileType = sourcecode.swift; path = NewProjectTests.swift; sourceTree = "<group>"; };
		FEEB3B5420F650910018CF91 /* Info.plist */ = {isa = PBXFileReference; lastKnownFileType = text.plist.xml; path = Info.plist; sourceTree = "<group>"; };
		FEEB3B5920F650910018CF91 /* NewProjectUITests.xctest */ = {isa = PBXFileReference; explicitFileType = wrapper.cfbundle; includeInIndex = 0; path = NewProjectUITests.xctest; sourceTree = BUILT_PRODUCTS_DIR; };
		FEEB3B5D20F650910018CF91 /* NewProjectUITests.swift */ = {isa = PBXFileReference; lastKnownFileType = sourcecode.swift; path = NewProjectUITests.swift; sourceTree = "<group>"; };
		FEEB3B5F20F650920018CF91 /* Info.plist */ = {isa = PBXFileReference; lastKnownFileType = text.plist.xml; path = Info.plist; sourceTree = "<group>"; };
/* End PBXFileReference section */

/* Begin PBXFrameworksBuildPhase section */
		FEEB3B3720F650880018CF91 /* Frameworks */ = {
			isa = PBXFrameworksBuildPhase;
			buildActionMask = 2147483647;
			files = (
			);
			runOnlyForDeploymentPostprocessing = 0;
		};
		FEEB3B4B20F6508F0018CF91 /* Frameworks */ = {
			isa = PBXFrameworksBuildPhase;
			buildActionMask = 2147483647;
			files = (
			);
			runOnlyForDeploymentPostprocessing = 0;
		};
		FEEB3B5620F650910018CF91 /* Frameworks */ = {
			isa = PBXFrameworksBuildPhase;
			buildActionMask = 2147483647;
			files = (
			);
			runOnlyForDeploymentPostprocessing = 0;
		};
/* End PBXFrameworksBuildPhase section */

/* Begin PBXGroup section */
		FEEB3B3120F650870018CF91 = {
			isa = PBXGroup;
			children = (
				FEEB3B3C20F650880018CF91 /* NewProject */,
				FEEB3B5120F6508F0018CF91 /* NewProjectTests */,
				FEEB3B5C20F650910018CF91 /* NewProjectUITests */,
				FEEB3B3B20F650880018CF91 /* Products */,
			);
			sourceTree = "<group>";
		};
		FEEB3B3B20F650880018CF91 /* Products */ = {
			isa = PBXGroup;
			children = (
				FEEB3B3A20F650880018CF91 /* NewProject.app */,
				FEEB3B4E20F6508F0018CF91 /* NewProjectTests.xctest */,
				FEEB3B5920F650910018CF91 /* NewProjectUITests.xctest */,
			);
			name = Products;
			sourceTree = "<group>";
		};
		FEEB3B3C20F650880018CF91 /* NewProject */ = {
			isa = PBXGroup;
			children = (
				FEEB3B3D20F650890018CF91 /* AppDelegate.swift */,
				FEEB3B3F20F650890018CF91 /* ViewController.swift */,
				FEEB3B4120F6508A0018CF91 /* Main.storyboard */,
				FEEB3B4420F6508B0018CF91 /* Assets.xcassets */,
				FEEB3B4620F6508D0018CF91 /* LaunchScreen.storyboard */,
				FEEB3B4920F6508E0018CF91 /* Info.plist */,
			);
			path = NewProject;
			sourceTree = "<group>";
		};
		FEEB3B5120F6508F0018CF91 /* NewProjectTests */ = {
			isa = PBXGroup;
			children = (
				FEEB3B5220F6508F0018CF91 /* NewProjectTests.swift */,
				FEEB3B5420F650910018CF91 /* Info.plist */,
			);
			path = NewProjectTests;
			sourceTree = "<group>";
		};
		FEEB3B5C20F650910018CF91 /* NewProjectUITests */ = {
			isa = PBXGroup;
			children = (
				FEEB3B5D20F650910018CF91 /* NewProjectUITests.swift */,
				FEEB3B5F20F650920018CF91 /* Info.plist */,
			);
			path = NewProjectUITests;
			sourceTree = "<group>";
		};
/* End PBXGroup section */

/* Begin PBXNativeTarget section */
		FEEB3B3920F650880018CF91 /* NewProject */ = {
			isa = PBXNativeTarget;
			buildConfigurationList = FEEB3B6220F650920018CF91 /* Build configuration list for PBXNativeTarget "NewProject" */;
			buildPhases = (
				FEEB3B3620F650880018CF91 /* Sources */,
				FEEB3B3720F650880018CF91 /* Frameworks */,
				FEEB3B3820F650880018CF91 /* Resources */,
			);
			buildRules = (
			);
			dependencies = (
			);
			name = NewProject;
			productName = NewProject;
			productReference = FEEB3B3A20F650880018CF91 /* NewProject.app */;
			productType = "com.apple.product-type.application";
		};
		FEEB3B4D20F6508F0018CF91 /* NewProjectTests */ = {
			isa = PBXNativeTarget;
			buildConfigurationList = FEEB3B6520F650920018CF91 /* Build configuration list for PBXNativeTarget "NewProjectTests" */;
			buildPhases = (
				FEEB3B4A20F6508F0018CF91 /* Sources */,
				FEEB3B4B20F6508F0018CF91 /* Frameworks */,
				FEEB3B4C20F6508F0018CF91 /* Resources */,
			);
			buildRules = (
			);
			dependencies = (
				FEEB3B5020F6508F0018CF91 /* PBXTargetDependency */,
			);
			name = NewProjectTests;
			productName = NewProjectTests;
			productReference = FEEB3B4E20F6508F0018CF91 /* NewProjectTests.xctest */;
			productType = "com.apple.product-type.bundle.unit-test";
		};
		FEEB3B5820F650910018CF91 /* NewProjectUITests */ = {
			isa = PBXNativeTarget;
			buildConfigurationList = FEEB3B6820F650920018CF91 /* Build configuration list for PBXNativeTarget "NewProjectUITests" */;
			buildPhases = (
				FEEB3B5520F650910018CF91 /* Sources */,
				FEEB3B5620F650910018CF91 /* Frameworks */,
				FEEB3B5720F650910018CF91 /* Resources */,
			);
			buildRules = (
			);
			dependencies = (
				FEEB3B5B20F650910018CF91 /* PBXTargetDependency */,
			);
			name = NewProjectUITests;
			productName = NewProjectUITests;
			productReference = FEEB3B5920F650910018CF91 /* NewProjectUITests.xctest */;
			productType = "com.apple.product-type.bundle.ui-testing";
		};
/* End PBXNativeTarget section */

/* Begin PBXProject section */
		FEEB3B3220F650870018CF91 /* Project object */ = {
			isa = PBXProject;
			attributes = {
				LastSwiftUpdateCheck = 0920;
				LastUpgradeCheck = 0920;
				ORGANIZATIONNAME = "Big Nerd Ranch";
				TargetAttributes = {
					FEEB3B3920F650880018CF91 = {
						CreatedOnToolsVersion = 9.2;
						ProvisioningStyle = Automatic;
					};
					FEEB3B4D20F6508F0018CF91 = {
						CreatedOnToolsVersion = 9.2;
						ProvisioningStyle = Automatic;
						TestTargetID = FEEB3B3920F650880018CF91;
					};
					FEEB3B5820F650910018CF91 = {
						CreatedOnToolsVersion = 9.2;
						ProvisioningStyle = Automatic;
						TestTargetID = FEEB3B3920F650880018CF91;
					};
				};
			};
			buildConfigurationList = FEEB3B3520F650870018CF91 /* Build configuration list for PBXProject "NewProject" */;
			compatibilityVersion = "Xcode 8.0";
			developmentRegion = en;
			hasScannedForEncodings = 0;
			knownRegions = (
				en,
				Base,
			);
			mainGroup = FEEB3B3120F650870018CF91;
			productRefGroup = FEEB3B3B20F650880018CF91 /* Products */;
			projectDirPath = "";
			projectRoot = "";
			targets = (
				FEEB3B3920F650880018CF91 /* NewProject */,
				FEEB3B4D20F6508F0018CF91 /* NewProjectTests */,
				FEEB3B5820F650910018CF91 /* NewProjectUITests */,
			);
		};
/* End PBXProject section */

/* Begin PBXResourcesBuildPhase section */
		FEEB3B3820F650880018CF91 /* Resources */ = {
			isa = PBXResourcesBuildPhase;
			buildActionMask = 2147483647;
			files = (
				FEEB3B4820F6508D0018CF91 /* LaunchScreen.storyboard in Resources */,
				FEEB3B4520F6508B0018CF91 /* Assets.xcassets in Resources */,
				FEEB3B4320F6508A0018CF91 /* Main.storyboard in Resources */,
			);
			runOnlyForDeploymentPostprocessing = 0;
		};
		FEEB3B4C20F6508F0018CF91 /* Resources */ = {
			isa = PBXResourcesBuildPhase;
			buildActionMask = 2147483647;
			files = (
			);
			runOnlyForDeploymentPostprocessing = 0;
		};
		FEEB3B5720F650910018CF91 /* Resources */ = {
			isa = PBXResourcesBuildPhase;
			buildActionMask = 2147483647;
			files = (
			);
			runOnlyForDeploymentPostprocessing = 0;
		};
/* End PBXResourcesBuildPhase section */

/* Begin PBXSourcesBuildPhase section */
		FEEB3B3620F650880018CF91 /* Sources */ = {
			isa = PBXSourcesBuildPhase;
			buildActionMask = 2147483647;
			files = (
				FEEB3B4020F6508A0018CF91 /* ViewController.swift in Sources */,
				FEEB3B3E20F650890018CF91 /* AppDelegate.swift in Sources */,
			);
			runOnlyForDeploymentPostprocessing = 0;
		};
		FEEB3B4A20F6508F0018CF91 /* Sources */ = {
			isa = PBXSourcesBuildPhase;
			buildActionMask = 2147483647;
			files = (
				FEEB3B5320F6508F0018CF91 /* NewProjectTests.swift in Sources */,
			);
			runOnlyForDeploymentPostprocessing = 0;
		};
		FEEB3B5520F650910018CF91 /* Sources */ = {
			isa = PBXSourcesBuildPhase;
			buildActionMask = 2147483647;
			files = (
				FEEB3B5E20F650910018CF91 /* NewProjectUITests.swift in Sources */,
			);
			runOnlyForDeploymentPostprocessing = 0;
		};
/* End PBXSourcesBuildPhase section */

/* Begin PBXTargetDependency section */
		FEEB3B5020F6508F0018CF91 /* PBXTargetDependency */ = {
			isa = PBXTargetDependency;
			target = FEEB3B3920F650880018CF91 /* NewProject */;
			targetProxy = FEEB3B4F20F6508F0018CF91 /* PBXContainerItemProxy */;
		};
		FEEB3B5B20F650910018CF91 /* PBXTargetDependency */ = {
			isa = PBXTargetDependency;
			target = FEEB3B3920F650880018CF91 /* NewProject */;
			targetProxy = FEEB3B5A20F650910018CF91 /* PBXContainerItemProxy */;
		};
/* End PBXTargetDependency section */

/* Begin PBXVariantGroup section */
		FEEB3B4120F6508A0018CF91 /* Main.storyboard */ = {
			isa = PBXVariantGroup;
			children = (
				FEEB3B4220F6508A0018CF91 /* Base */,
			);
			name = Main.storyboard;
			sourceTree = "<group>";
		};
		FEEB3B4620F6508D0018CF91 /* LaunchScreen.storyboard */ = {
			isa = PBXVariantGroup;
			children = (
				FEEB3B4720F6508D0018CF91 /* Base */,
			);
			name = LaunchScreen.storyboard;
			sourceTree = "<group>";
		};
/* End PBXVariantGroup section */

/* Begin XCBuildConfiguration section */
		FEEB3B6020F650920018CF91 /* Debug */ = {
			isa = XCBuildConfiguration;
			buildSettings = {
				ALWAYS_SEARCH_USER_PATHS = NO;
				CLANG_ANALYZER_NONNULL = YES;
				CLANG_ANALYZER_NUMBER_OBJECT_CONVERSION = YES_AGGRESSIVE;
				CLANG_CXX_LANGUAGE_STANDARD = "gnu++14";
				CLANG_CXX_LIBRARY = "libc++";
				CLANG_ENABLE_MODULES = YES;
				CLANG_ENABLE_OBJC_ARC = YES;
				CLANG_WARN_BLOCK_CAPTURE_AUTORELEASING = YES;
				CLANG_WARN_BOOL_CONVERSION = YES;
				CLANG_WARN_COMMA = YES;
				CLANG_WARN_CONSTANT_CONVERSION = YES;
				CLANG_WARN_DIRECT_OBJC_ISA_USAGE = YES_ERROR;
				CLANG_WARN_DOCUMENTATION_COMMENTS = YES;
				CLANG_WARN_EMPTY_BODY = YES;
				CLANG_WARN_ENUM_CONVERSION = YES;
				CLANG_WARN_INFINITE_RECURSION = YES;
				CLANG_WARN_INT_CONVERSION = YES;
				CLANG_WARN_NON_LITERAL_NULL_CONVERSION = YES;
				CLANG_WARN_OBJC_LITERAL_CONVERSION = YES;
				CLANG_WARN_OBJC_ROOT_CLASS = YES_ERROR;
				CLANG_WARN_RANGE_LOOP_ANALYSIS = YES;
				CLANG_WARN_STRICT_PROTOTYPES = YES;
				CLANG_WARN_SUSPICIOUS_MOVE = YES;
				CLANG_WARN_UNGUARDED_AVAILABILITY = YES_AGGRESSIVE;
				CLANG_WARN_UNREACHABLE_CODE = YES;
				CLANG_WARN__DUPLICATE_METHOD_MATCH = YES;
				CODE_SIGN_IDENTITY = "iPhone Developer";
				COPY_PHASE_STRIP = NO;
				DEBUG_INFORMATION_FORMAT = dwarf;
				ENABLE_STRICT_OBJC_MSGSEND = YES;
				ENABLE_TESTABILITY = YES;
				GCC_C_LANGUAGE_STANDARD = gnu11;
				GCC_DYNAMIC_NO_PIC = NO;
				GCC_NO_COMMON_BLOCKS = YES;
				GCC_OPTIMIZATION_LEVEL = 0;
				GCC_PREPROCESSOR_DEFINITIONS = (
					"DEBUG=1",
					"$(inherited)",
				);
				GCC_WARN_64_TO_32_BIT_CONVERSION = YES;
				GCC_WARN_ABOUT_RETURN_TYPE = YES_ERROR;
				GCC_WARN_UNDECLARED_SELECTOR = YES;
				GCC_WARN_UNINITIALIZED_AUTOS = YES_AGGRESSIVE;
				GCC_WARN_UNUSED_FUNCTION = YES;
				GCC_WARN_UNUSED_VARIABLE = YES;
				IPHONEOS_DEPLOYMENT_TARGET = 11.2;
				MTL_ENABLE_DEBUG_INFO = YES;
				ONLY_ACTIVE_ARCH = YES;
				SDKROOT = iphoneos;
				SWIFT_ACTIVE_COMPILATION_CONDITIONS = DEBUG;
				SWIFT_OPTIMIZATION_LEVEL = "-Onone";
			};
			name = Debug;
		};
		FEEB3B6120F650920018CF91 /* Release */ = {
			isa = XCBuildConfiguration;
			buildSettings = {
				ALWAYS_SEARCH_USER_PATHS = NO;
				CLANG_ANALYZER_NONNULL = YES;
				CLANG_ANALYZER_NUMBER_OBJECT_CONVERSION = YES_AGGRESSIVE;
				CLANG_CXX_LANGUAGE_STANDARD = "gnu++14";
				CLANG_CXX_LIBRARY = "libc++";
				CLANG_ENABLE_MODULES = YES;
				CLANG_ENABLE_OBJC_ARC = YES;
				CLANG_WARN_BLOCK_CAPTURE_AUTORELEASING = YES;
				CLANG_WARN_BOOL_CONVERSION = YES;
				CLANG_WARN_COMMA = YES;
				CLANG_WARN_CONSTANT_CONVERSION = YES;
				CLANG_WARN_DIRECT_OBJC_ISA_USAGE = YES_ERROR;
				CLANG_WARN_DOCUMENTATION_COMMENTS = YES;
				CLANG_WARN_EMPTY_BODY = YES;
				CLANG_WARN_ENUM_CONVERSION = YES;
				CLANG_WARN_INFINITE_RECURSION = YES;
				CLANG_WARN_INT_CONVERSION = YES;
				CLANG_WARN_NON_LITERAL_NULL_CONVERSION = YES;
				CLANG_WARN_OBJC_LITERAL_CONVERSION = YES;
				CLANG_WARN_OBJC_ROOT_CLASS = YES_ERROR;
				CLANG_WARN_RANGE_LOOP_ANALYSIS = YES;
				CLANG_WARN_STRICT_PROTOTYPES = YES;
				CLANG_WARN_SUSPICIOUS_MOVE = YES;
				CLANG_WARN_UNGUARDED_AVAILABILITY = YES_AGGRESSIVE;
				CLANG_WARN_UNREACHABLE_CODE = YES;
				CLANG_WARN__DUPLICATE_METHOD_MATCH = YES;
				CODE_SIGN_IDENTITY = "iPhone Developer";
				COPY_PHASE_STRIP = NO;
				DEBUG_INFORMATION_FORMAT = "dwarf-with-dsym";
				ENABLE_NS_ASSERTIONS = NO;
				ENABLE_STRICT_OBJC_MSGSEND = YES;
				GCC_C_LANGUAGE_STANDARD = gnu11;
				GCC_NO_COMMON_BLOCKS = YES;
				GCC_WARN_64_TO_32_BIT_CONVERSION = YES;
				GCC_WARN_ABOUT_RETURN_TYPE = YES_ERROR;
				GCC_WARN_UNDECLARED_SELECTOR = YES;
				GCC_WARN_UNINITIALIZED_AUTOS = YES_AGGRESSIVE;
				GCC_WARN_UNUSED_FUNCTION = YES;
				GCC_WARN_UNUSED_VARIABLE = YES;
				IPHONEOS_DEPLOYMENT_TARGET = 11.2;
				MTL_ENABLE_DEBUG_INFO = NO;
				SDKROOT = iphoneos;
				SWIFT_OPTIMIZATION_LEVEL = "-Owholemodule";
				VALIDATE_PRODUCT = YES;
			};
			name = Release;
		};
		FEEB3B6320F650920018CF91 /* Debug */ = {
			isa = XCBuildConfiguration;
			buildSettings = {
				ASSETCATALOG_COMPILER_APPICON_NAME = AppIcon;
				CODE_SIGN_STYLE = Automatic;
				INFOPLIST_FILE = NewProject/Info.plist;
				LD_RUNPATH_SEARCH_PATHS = "$(inherited) @executable_path/Frameworks";
				PRODUCT_BUNDLE_IDENTIFIER = com.bignerdranch.NewProject;
				PRODUCT_NAME = "$(TARGET_NAME)";
				SWIFT_VERSION = 4.0;
				TARGETED_DEVICE_FAMILY = "1,2";
			};
			name = Debug;
		};
		FEEB3B6420F650920018CF91 /* Release */ = {
			isa = XCBuildConfiguration;
			buildSettings = {
				ASSETCATALOG_COMPILER_APPICON_NAME = AppIcon;
				CODE_SIGN_STYLE = Automatic;
				INFOPLIST_FILE = NewProject/Info.plist;
				LD_RUNPATH_SEARCH_PATHS = "$(inherited) @executable_path/Frameworks";
				PRODUCT_BUNDLE_IDENTIFIER = com.bignerdranch.NewProject;
				PRODUCT_NAME = "$(TARGET_NAME)";
				SWIFT_VERSION = 4.0;
				TARGETED_DEVICE_FAMILY = "1,2";
			};
			name = Release;
		};
		FEEB3B6620F650920018CF91 /* Debug */ = {
			isa = XCBuildConfiguration;
			buildSettings = {
				ALWAYS_EMBED_SWIFT_STANDARD_LIBRARIES = YES;
				BUNDLE_LOADER = "$(TEST_HOST)";
				CODE_SIGN_STYLE = Automatic;
				INFOPLIST_FILE = NewProjectTests/Info.plist;
				LD_RUNPATH_SEARCH_PATHS = "$(inherited) @executable_path/Frameworks @loader_path/Frameworks";
				PRODUCT_BUNDLE_IDENTIFIER = com.bignerdranch.NewProjectTests;
				PRODUCT_NAME = "$(TARGET_NAME)";
				SWIFT_VERSION = 4.0;
				TARGETED_DEVICE_FAMILY = "1,2";
				TEST_HOST = "$(BUILT_PRODUCTS_DIR)/NewProject.app/NewProject";
			};
			name = Debug;
		};
		FEEB3B6720F650920018CF91 /* Release */ = {
			isa = XCBuildConfiguration;
			buildSettings = {
				ALWAYS_EMBED_SWIFT_STANDARD_LIBRARIES = YES;
				BUNDLE_LOADER = "$(TEST_HOST)";
				CODE_SIGN_STYLE = Automatic;
				INFOPLIST_FILE = NewProjectTests/Info.plist;
				LD_RUNPATH_SEARCH_PATHS = "$(inherited) @executable_path/Frameworks @loader_path/Frameworks";
				PRODUCT_BUNDLE_IDENTIFIER = com.bignerdranch.NewProjectTests;
				PRODUCT_NAME = "$(TARGET_NAME)";
				SWIFT_VERSION = 4.0;
				TARGETED_DEVICE_FAMILY = "1,2";
				TEST_HOST = "$(BUILT_PRODUCTS_DIR)/NewProject.app/NewProject";
			};
			name = Release;
		};
		FEEB3B6920F650920018CF91 /* Debug */ = {
			isa = XCBuildConfiguration;
			buildSettings = {
				ALWAYS_EMBED_SWIFT_STANDARD_LIBRARIES = YES;
				CODE_SIGN_STYLE = Automatic;
				INFOPLIST_FILE = NewProjectUITests/Info.plist;
				LD_RUNPATH_SEARCH_PATHS = "$(inherited) @executable_path/Frameworks @loader_path/Frameworks";
				PRODUCT_BUNDLE_IDENTIFIER = com.bignerdranch.NewProjectUITests;
				PRODUCT_NAME = "$(TARGET_NAME)";
				SWIFT_VERSION = 4.0;
				TARGETED_DEVICE_FAMILY = "1,2";
				TEST_TARGET_NAME = NewProject;
			};
			name = Debug;
		};
		FEEB3B6A20F650920018CF91 /* Release */ = {
			isa = XCBuildConfiguration;
			buildSettings = {
				ALWAYS_EMBED_SWIFT_STANDARD_LIBRARIES = YES;
				CODE_SIGN_STYLE = Automatic;
				INFOPLIST_FILE = NewProjectUITests/Info.plist;
				LD_RUNPATH_SEARCH_PATHS = "$(inherited) @executable_path/Frameworks @loader_path/Frameworks";
				PRODUCT_BUNDLE_IDENTIFIER = com.bignerdranch.NewProjectUITests;
				PRODUCT_NAME = "$(TARGET_NAME)";
				SWIFT_VERSION = 4.0;
				TARGETED_DEVICE_FAMILY = "1,2";
				TEST_TARGET_NAME = NewProject;
			};
			name = Release;
		};
/* End XCBuildConfiguration section */

/* Begin XCConfigurationList section */
		FEEB3B3520F650870018CF91 /* Build configuration list for PBXProject "NewProject" */ = {
			isa = XCConfigurationList;
			buildConfigurations = (
				FEEB3B6020F650920018CF91 /* Debug */,
				FEEB3B6120F650920018CF91 /* Release */,
			);
			defaultConfigurationIsVisible = 0;
			defaultConfigurationName = Release;
		};
		FEEB3B6220F650920018CF91 /* Build configuration list for PBXNativeTarget "NewProject" */ = {
			isa = XCConfigurationList;
			buildConfigurations = (
				FEEB3B6320F650920018CF91 /* Debug */,
				FEEB3B6420F650920018CF91 /* Release */,
			);
			defaultConfigurationIsVisible = 0;
			defaultConfigurationName = Release;
		};
		FEEB3B6520F650920018CF91 /* Build configuration list for PBXNativeTarget "NewProjectTests" */ = {
			isa = XCConfigurationList;
			buildConfigurations = (
				FEEB3B6620F650920018CF91 /* Debug */,
				FEEB3B6720F650920018CF91 /* Release */,
			);
			defaultConfigurationIsVisible = 0;
			defaultConfigurationName = Release;
		};
		FEEB3B6820F650920018CF91 /* Build configuration list for PBXNativeTarget "NewProjectUITests" */ = {
			isa = XCConfigurationList;
			buildConfigurations = (
				FEEB3B6920F650920018CF91 /* Debug */,
				FEEB3B6A20F650920018CF91 /* Release */,
			);
			defaultConfigurationIsVisible = 0;
			defaultConfigurationName = Release;
		};
/* End XCConfigurationList section */
	};
	rootObject = FEEB3B3220F650870018CF91 /* Project object */;
}
